
Microsoft Visual Studio Solution File, Format Version 12.00
# Visual Studio Version 17
VisualStudioVersion = 17.13.35806.99 d17.13
MinimumVisualStudioVersion = 10.0.40219.1
Project("{888888A0-9F3D-457C-B088-3A5042F75D52}") = "konfig-2practice", "konfig-2practice.pyproj", "{D0697482-AA37-4BD4-A30A-CBA1EE7C28C7}"
EndProject
Global
	GlobalSection(SolutionConfigurationPlatforms) = preSolution
		Debug|Any CPU = Debug|Any CPU
		Release|Any CPU = Release|Any CPU
	EndGlobalSection
	GlobalSection(ProjectConfigurationPlatforms) = postSolution
		{D0697482-AA37-4BD4-A30A-CBA1EE7C28C7}.Debug|Any CPU.ActiveCfg = Debug|Any CPU
		{D0697482-AA37-4BD4-A30A-CBA1EE7C28C7}.Release|Any CPU.ActiveCfg = Release|Any CPU
	EndGlobalSection
	GlobalSection(SolutionProperties) = preSolution
		HideSolutionNode = FALSE
	EndGlobalSection
	GlobalSection(ExtensibilityGlobals) = postSolution
		SolutionGuid = {1E28ECD5-6022-457D-B6E7-78143491C8CC}
	EndGlobalSection
EndGlobal
